
Microsoft Visual Studio Solution File, Format Version 12.00
# Visual Studio Version 16
VisualStudioVersion = 16.0.31729.503
MinimumVisualStudioVersion = 10.0.40219.1
Project("{FAE04EC0-301F-11D3-BF4B-00C04F79EFBC}") = "ObliczenieWielkoscMatematycznych", "ObliczenieWielkoscMatematycznych\ObliczenieWielkoscMatematycznych.csproj", "{C799FD4F-7736-4570-9B25-5D8D3DE03102}"
EndProject
Global
	GlobalSection(SolutionConfigurationPlatforms) = preSolution
		Debug|Any CPU = Debug|Any CPU
		Release|Any CPU = Release|Any CPU
	EndGlobalSection
	GlobalSection(ProjectConfigurationPlatforms) = postSolution
		{C799FD4F-7736-4570-9B25-5D8D3DE03102}.Debug|Any CPU.ActiveCfg = Debug|Any CPU
		{C799FD4F-7736-4570-9B25-5D8D3DE03102}.Debug|Any CPU.Build.0 = Debug|Any CPU
		{C799FD4F-7736-4570-9B25-5D8D3DE03102}.Release|Any CPU.ActiveCfg = Release|Any CPU
		{C799FD4F-7736-4570-9B25-5D8D3DE03102}.Release|Any CPU.Build.0 = Release|Any CPU
	EndGlobalSection
	GlobalSection(SolutionProperties) = preSolution
		HideSolutionNode = FALSE
	EndGlobalSection
	GlobalSection(ExtensibilityGlobals) = postSolution
		SolutionGuid = {75742A24-B097-4150-8BDA-3496F2146311}
	EndGlobalSection
EndGlobal
